{
  "nodes": {
    "nixpkgs": {
      "locked": {
        "lastModified": 1656359916,
        "narHash": "sha256-kzS3TcC6tm4VqNnBmZttsKSZjBk30uUch9KJqq0QmdQ=",
        "owner": "NixOS",
        "repo": "nixpkgs",
        "rev": "8c972668313c6e61a39671efbe48bce148918aa5",
        "type": "github"
      },
      "original": {
        "owner": "NixOS",
        "repo": "nixpkgs",
        "type": "github"
      }
    },
    "root": {
      "inputs": {
        "nixpkgs": "nixpkgs",
        "utils": "utils"
      }
    },
    "utils": {
      "locked": {
        "lastModified": 1656065134,
        "narHash": "sha256-oc6E6ByIw3oJaIyc67maaFcnjYOz1mMcOtHxbEf9NwQ=",
        "owner": "numtide",
        "repo": "flake-utils",
        "rev": "bee6a7250dd1b01844a2de7e02e4df7d8a0a206c",
        "type": "github"
      },
      "original": {
        "owner": "numtide",
        "repo": "flake-utils",
        "type": "github"
      }
    }
  },
  "root": "root",
  "version": 7
}
