{
  "nodes": {
    "nixpkgs": {
      "locked": {
        "lastModified": 1614392332,
        "narHash": "sha256-K+2Ootl+JxjvuwK6jvwHqAtOWgEorOfjKcwNPQgIFQc=",
        "owner": "NixOS",
        "repo": "nixpkgs",
        "rev": "c796cc4eacedb91feec77e30a2ed79f64a23e08b",
        "type": "github"
      },
      "original": {
        "owner": "NixOS",
        "repo": "nixpkgs",
        "type": "github"
      }
    },
    "root": {
      "inputs": {
        "nixpkgs": "nixpkgs",
        "utils": "utils"
      }
    },
    "utils": {
      "locked": {
        "lastModified": 1610051610,
        "narHash": "sha256-U9rPz/usA1/Aohhk7Cmc2gBrEEKRzcW4nwPWMPwja4Y=",
        "owner": "numtide",
        "repo": "flake-utils",
        "rev": "3982c9903e93927c2164caa727cd3f6a0e6d14cc",
        "type": "github"
      },
      "original": {
        "owner": "numtide",
        "repo": "flake-utils",
        "type": "github"
      }
    }
  },
  "root": "root",
  "version": 7
}
